// !$*UTF8*$!
{
	archiveVersion = 1;
	classes = {
	};
	objectVersion = 56;
	objects = {

/* Begin PBXBuildFile section */
		007AE0EE2BABA9C800E4367E /* ddd.mp3 in Resources */ = {isa = PBXBuildFile; fileRef = 007AE0ED2BABA9C800E4367E /* ddd.mp3 */; };
		007AE0F02BAC58F600E4367E /* start.mp3 in Resources */ = {isa = PBXBuildFile; fileRef = 007AE0EF2BAC58F600E4367E /* start.mp3 */; };
		635445922BAB82B4005F0018 /* testAudioApp.swift in Sources */ = {isa = PBXBuildFile; fileRef = 635445912BAB82B4005F0018 /* testAudioApp.swift */; };
		635445942BAB82B4005F0018 /* TrackView.swift in Sources */ = {isa = PBXBuildFile; fileRef = 635445932BAB82B4005F0018 /* TrackView.swift */; };
		635445962BAB82B7005F0018 /* Assets.xcassets in Resources */ = {isa = PBXBuildFile; fileRef = 635445952BAB82B7005F0018 /* Assets.xcassets */; };
		6354459A2BAB82B7005F0018 /* Preview Assets.xcassets in Resources */ = {isa = PBXBuildFile; fileRef = 635445992BAB82B7005F0018 /* Preview Assets.xcassets */; };
		635445A42BAB82B7005F0018 /* testAudioTests.swift in Sources */ = {isa = PBXBuildFile; fileRef = 635445A32BAB82B7005F0018 /* testAudioTests.swift */; };
		635445AE2BAB82B7005F0018 /* testAudioUITests.swift in Sources */ = {isa = PBXBuildFile; fileRef = 635445AD2BAB82B7005F0018 /* testAudioUITests.swift */; };
		635445B02BAB82B7005F0018 /* testAudioUITestsLaunchTests.swift in Sources */ = {isa = PBXBuildFile; fileRef = 635445AF2BAB82B7005F0018 /* testAudioUITestsLaunchTests.swift */; };
		635445BD2BAB8ABC005F0018 /* TrackViewController.swift in Sources */ = {isa = PBXBuildFile; fileRef = 635445BC2BAB8ABC005F0018 /* TrackViewController.swift */; };
/* End PBXBuildFile section */

/* Begin PBXContainerItemProxy section */
		635445A02BAB82B7005F0018 /* PBXContainerItemProxy */ = {
			isa = PBXContainerItemProxy;
			containerPortal = 635445862BAB82B4005F0018 /* Project object */;
			proxyType = 1;
			remoteGlobalIDString = 6354458D2BAB82B4005F0018;
			remoteInfo = testAudio;
		};
		635445AA2BAB82B7005F0018 /* PBXContainerItemProxy */ = {
			isa = PBXContainerItemProxy;
			containerPortal = 635445862BAB82B4005F0018 /* Project object */;
			proxyType = 1;
			remoteGlobalIDString = 6354458D2BAB82B4005F0018;
			remoteInfo = testAudio;
		};
/* End PBXContainerItemProxy section */

/* Begin PBXFileReference section */
		007AE0ED2BABA9C800E4367E /* ddd.mp3 */ = {isa = PBXFileReference; lastKnownFileType = audio.mp3; path = ddd.mp3; sourceTree = "<group>"; };
		007AE0EF2BAC58F600E4367E /* start.mp3 */ = {isa = PBXFileReference; lastKnownFileType = audio.mp3; path = start.mp3; sourceTree = "<group>"; };
		6354458E2BAB82B4005F0018 /* testAudio.app */ = {isa = PBXFileReference; explicitFileType = wrapper.application; includeInIndex = 0; path = testAudio.app; sourceTree = BUILT_PRODUCTS_DIR; };
		635445912BAB82B4005F0018 /* testAudioApp.swift */ = {isa = PBXFileReference; lastKnownFileType = sourcecode.swift; path = testAudioApp.swift; sourceTree = "<group>"; };
		635445932BAB82B4005F0018 /* TrackView.swift */ = {isa = PBXFileReference; lastKnownFileType = sourcecode.swift; path = TrackView.swift; sourceTree = "<group>"; };
		635445952BAB82B7005F0018 /* Assets.xcassets */ = {isa = PBXFileReference; lastKnownFileType = folder.assetcatalog; path = Assets.xcassets; sourceTree = "<group>"; };
		635445972BAB82B7005F0018 /* testAudio.entitlements */ = {isa = PBXFileReference; lastKnownFileType = text.plist.entitlements; path = testAudio.entitlements; sourceTree = "<group>"; };
		635445992BAB82B7005F0018 /* Preview Assets.xcassets */ = {isa = PBXFileReference; lastKnownFileType = folder.assetcatalog; path = "Preview Assets.xcassets"; sourceTree = "<group>"; };
		6354459F2BAB82B7005F0018 /* testAudioTests.xctest */ = {isa = PBXFileReference; explicitFileType = wrapper.cfbundle; includeInIndex = 0; path = testAudioTests.xctest; sourceTree = BUILT_PRODUCTS_DIR; };
		635445A32BAB82B7005F0018 /* testAudioTests.swift */ = {isa = PBXFileReference; lastKnownFileType = sourcecode.swift; path = testAudioTests.swift; sourceTree = "<group>"; };
		635445A92BAB82B7005F0018 /* testAudioUITests.xctest */ = {isa = PBXFileReference; explicitFileType = wrapper.cfbundle; includeInIndex = 0; path = testAudioUITests.xctest; sourceTree = BUILT_PRODUCTS_DIR; };
		635445AD2BAB82B7005F0018 /* testAudioUITests.swift */ = {isa = PBXFileReference; lastKnownFileType = sourcecode.swift; path = testAudioUITests.swift; sourceTree = "<group>"; };
		635445AF2BAB82B7005F0018 /* testAudioUITestsLaunchTests.swift */ = {isa = PBXFileReference; lastKnownFileType = sourcecode.swift; path = testAudioUITestsLaunchTests.swift; sourceTree = "<group>"; };
		635445BC2BAB8ABC005F0018 /* TrackViewController.swift */ = {isa = PBXFileReference; lastKnownFileType = sourcecode.swift; path = TrackViewController.swift; sourceTree = "<group>"; };
/* End PBXFileReference section */

/* Begin PBXFrameworksBuildPhase section */
		6354458B2BAB82B4005F0018 /* Frameworks */ = {
			isa = PBXFrameworksBuildPhase;
			buildActionMask = 2147483647;
			files = (
			);
			runOnlyForDeploymentPostprocessing = 0;
		};
		6354459C2BAB82B7005F0018 /* Frameworks */ = {
			isa = PBXFrameworksBuildPhase;
			buildActionMask = 2147483647;
			files = (
			);
			runOnlyForDeploymentPostprocessing = 0;
		};
		635445A62BAB82B7005F0018 /* Frameworks */ = {
			isa = PBXFrameworksBuildPhase;
			buildActionMask = 2147483647;
			files = (
			);
			runOnlyForDeploymentPostprocessing = 0;
		};
/* End PBXFrameworksBuildPhase section */

/* Begin PBXGroup section */
		635445852BAB82B4005F0018 = {
			isa = PBXGroup;
			children = (
				635445902BAB82B4005F0018 /* testAudio */,
				635445A22BAB82B7005F0018 /* testAudioTests */,
				635445AC2BAB82B7005F0018 /* testAudioUITests */,
				6354458F2BAB82B4005F0018 /* Products */,
			);
			sourceTree = "<group>";
		};
		6354458F2BAB82B4005F0018 /* Products */ = {
			isa = PBXGroup;
			children = (
				6354458E2BAB82B4005F0018 /* testAudio.app */,
				6354459F2BAB82B7005F0018 /* testAudioTests.xctest */,
				635445A92BAB82B7005F0018 /* testAudioUITests.xctest */,
			);
			name = Products;
			sourceTree = "<group>";
		};
		635445902BAB82B4005F0018 /* testAudio */ = {
			isa = PBXGroup;
			children = (
				007AE0EF2BAC58F600E4367E /* start.mp3 */,
				007AE0ED2BABA9C800E4367E /* ddd.mp3 */,
				635445912BAB82B4005F0018 /* testAudioApp.swift */,
				635445932BAB82B4005F0018 /* TrackView.swift */,
				635445952BAB82B7005F0018 /* Assets.xcassets */,
				635445972BAB82B7005F0018 /* testAudio.entitlements */,
				635445982BAB82B7005F0018 /* Preview Content */,
				635445BC2BAB8ABC005F0018 /* TrackViewController.swift */,
			);
			path = testAudio;
			sourceTree = "<group>";
		};
		635445982BAB82B7005F0018 /* Preview Content */ = {
			isa = PBXGroup;
			children = (
				635445992BAB82B7005F0018 /* Preview Assets.xcassets */,
			);
			path = "Preview Content";
			sourceTree = "<group>";
		};
		635445A22BAB82B7005F0018 /* testAudioTests */ = {
			isa = PBXGroup;
			children = (
				635445A32BAB82B7005F0018 /* testAudioTests.swift */,
			);
			path = testAudioTests;
			sourceTree = "<group>";
		};
		635445AC2BAB82B7005F0018 /* testAudioUITests */ = {
			isa = PBXGroup;
			children = (
				635445AD2BAB82B7005F0018 /* testAudioUITests.swift */,
				635445AF2BAB82B7005F0018 /* testAudioUITestsLaunchTests.swift */,
			);
			path = testAudioUITests;
			sourceTree = "<group>";
		};
/* End PBXGroup section */

/* Begin PBXNativeTarget section */
		6354458D2BAB82B4005F0018 /* testAudio */ = {
			isa = PBXNativeTarget;
			buildConfigurationList = 635445B32BAB82B7005F0018 /* Build configuration list for PBXNativeTarget "testAudio" */;
			buildPhases = (
				6354458A2BAB82B4005F0018 /* Sources */,
				6354458B2BAB82B4005F0018 /* Frameworks */,
				6354458C2BAB82B4005F0018 /* Resources */,
			);
			buildRules = (
			);
			dependencies = (
			);
			name = testAudio;
			productName = testAudio;
			productReference = 6354458E2BAB82B4005F0018 /* testAudio.app */;
			productType = "com.apple.product-type.application";
		};
		6354459E2BAB82B7005F0018 /* testAudioTests */ = {
			isa = PBXNativeTarget;
			buildConfigurationList = 635445B62BAB82B7005F0018 /* Build configuration list for PBXNativeTarget "testAudioTests" */;
			buildPhases = (
				6354459B2BAB82B7005F0018 /* Sources */,
				6354459C2BAB82B7005F0018 /* Frameworks */,
				6354459D2BAB82B7005F0018 /* Resources */,
			);
			buildRules = (
			);
			dependencies = (
				635445A12BAB82B7005F0018 /* PBXTargetDependency */,
			);
			name = testAudioTests;
			productName = testAudioTests;
			productReference = 6354459F2BAB82B7005F0018 /* testAudioTests.xctest */;
			productType = "com.apple.product-type.bundle.unit-test";
		};
		635445A82BAB82B7005F0018 /* testAudioUITests */ = {
			isa = PBXNativeTarget;
			buildConfigurationList = 635445B92BAB82B7005F0018 /* Build configuration list for PBXNativeTarget "testAudioUITests" */;
			buildPhases = (
				635445A52BAB82B7005F0018 /* Sources */,
				635445A62BAB82B7005F0018 /* Frameworks */,
				635445A72BAB82B7005F0018 /* Resources */,
			);
			buildRules = (
			);
			dependencies = (
				635445AB2BAB82B7005F0018 /* PBXTargetDependency */,
			);
			name = testAudioUITests;
			productName = testAudioUITests;
			productReference = 635445A92BAB82B7005F0018 /* testAudioUITests.xctest */;
			productType = "com.apple.product-type.bundle.ui-testing";
		};
/* End PBXNativeTarget section */

/* Begin PBXProject section */
		635445862BAB82B4005F0018 /* Project object */ = {
			isa = PBXProject;
			attributes = {
				BuildIndependentTargetsInParallel = 1;
				LastSwiftUpdateCheck = 1500;
				LastUpgradeCheck = 1500;
				TargetAttributes = {
					6354458D2BAB82B4005F0018 = {
						CreatedOnToolsVersion = 15.0.1;
					};
					6354459E2BAB82B7005F0018 = {
						CreatedOnToolsVersion = 15.0.1;
						TestTargetID = 6354458D2BAB82B4005F0018;
					};
					635445A82BAB82B7005F0018 = {
						CreatedOnToolsVersion = 15.0.1;
						TestTargetID = 6354458D2BAB82B4005F0018;
					};
				};
			};
			buildConfigurationList = 635445892BAB82B4005F0018 /* Build configuration list for PBXProject "testAudio" */;
			compatibilityVersion = "Xcode 14.0";
			developmentRegion = en;
			hasScannedForEncodings = 0;
			knownRegions = (
				en,
				Base,
			);
			mainGroup = 635445852BAB82B4005F0018;
			productRefGroup = 6354458F2BAB82B4005F0018 /* Products */;
			projectDirPath = "";
			projectRoot = "";
			targets = (
				6354458D2BAB82B4005F0018 /* testAudio */,
				6354459E2BAB82B7005F0018 /* testAudioTests */,
				635445A82BAB82B7005F0018 /* testAudioUITests */,
			);
		};
/* End PBXProject section */

/* Begin PBXResourcesBuildPhase section */
		6354458C2BAB82B4005F0018 /* Resources */ = {
			isa = PBXResourcesBuildPhase;
			buildActionMask = 2147483647;
			files = (
				6354459A2BAB82B7005F0018 /* Preview Assets.xcassets in Resources */,
				007AE0F02BAC58F600E4367E /* start.mp3 in Resources */,
				007AE0EE2BABA9C800E4367E /* ddd.mp3 in Resources */,
				635445962BAB82B7005F0018 /* Assets.xcassets in Resources */,
			);
			runOnlyForDeploymentPostprocessing = 0;
		};
		6354459D2BAB82B7005F0018 /* Resources */ = {
			isa = PBXResourcesBuildPhase;
			buildActionMask = 2147483647;
			files = (
			);
			runOnlyForDeploymentPostprocessing = 0;
		};
		635445A72BAB82B7005F0018 /* Resources */ = {
			isa = PBXResourcesBuildPhase;
			buildActionMask = 2147483647;
			files = (
			);
			runOnlyForDeploymentPostprocessing = 0;
		};
/* End PBXResourcesBuildPhase section */

/* Begin PBXSourcesBuildPhase section */
		6354458A2BAB82B4005F0018 /* Sources */ = {
			isa = PBXSourcesBuildPhase;
			buildActionMask = 2147483647;
			files = (
				635445942BAB82B4005F0018 /* TrackView.swift in Sources */,
				635445BD2BAB8ABC005F0018 /* TrackViewController.swift in Sources */,
				635445922BAB82B4005F0018 /* testAudioApp.swift in Sources */,
			);
			runOnlyForDeploymentPostprocessing = 0;
		};
		6354459B2BAB82B7005F0018 /* Sources */ = {
			isa = PBXSourcesBuildPhase;
			buildActionMask = 2147483647;
			files = (
				635445A42BAB82B7005F0018 /* testAudioTests.swift in Sources */,
			);
			runOnlyForDeploymentPostprocessing = 0;
		};
		635445A52BAB82B7005F0018 /* Sources */ = {
			isa = PBXSourcesBuildPhase;
			buildActionMask = 2147483647;
			files = (
				635445AE2BAB82B7005F0018 /* testAudioUITests.swift in Sources */,
				635445B02BAB82B7005F0018 /* testAudioUITestsLaunchTests.swift in Sources */,
			);
			runOnlyForDeploymentPostprocessing = 0;
		};
/* End PBXSourcesBuildPhase section */

/* Begin PBXTargetDependency section */
		635445A12BAB82B7005F0018 /* PBXTargetDependency */ = {
			isa = PBXTargetDependency;
			target = 6354458D2BAB82B4005F0018 /* testAudio */;
			targetProxy = 635445A02BAB82B7005F0018 /* PBXContainerItemProxy */;
		};
		635445AB2BAB82B7005F0018 /* PBXTargetDependency */ = {
			isa = PBXTargetDependency;
			target = 6354458D2BAB82B4005F0018 /* testAudio */;
			targetProxy = 635445AA2BAB82B7005F0018 /* PBXContainerItemProxy */;
		};
/* End PBXTargetDependency section */

/* Begin XCBuildConfiguration section */
		635445B12BAB82B7005F0018 /* Debug */ = {
			isa = XCBuildConfiguration;
			buildSettings = {
				ALWAYS_SEARCH_USER_PATHS = NO;
				ASSETCATALOG_COMPILER_GENERATE_SWIFT_ASSET_SYMBOL_EXTENSIONS = YES;
				CLANG_ANALYZER_NONNULL = YES;
				CLANG_ANALYZER_NUMBER_OBJECT_CONVERSION = YES_AGGRESSIVE;
				CLANG_CXX_LANGUAGE_STANDARD = "gnu++20";
				CLANG_ENABLE_MODULES = YES;
				CLANG_ENABLE_OBJC_ARC = YES;
				CLANG_ENABLE_OBJC_WEAK = YES;
				CLANG_WARN_BLOCK_CAPTURE_AUTORELEASING = YES;
				CLANG_WARN_BOOL_CONVERSION = YES;
				CLANG_WARN_COMMA = YES;
				CLANG_WARN_CONSTANT_CONVERSION = YES;
				CLANG_WARN_DEPRECATED_OBJC_IMPLEMENTATIONS = YES;
				CLANG_WARN_DIRECT_OBJC_ISA_USAGE = YES_ERROR;
				CLANG_WARN_DOCUMENTATION_COMMENTS = YES;
				CLANG_WARN_EMPTY_BODY = YES;
				CLANG_WARN_ENUM_CONVERSION = YES;
				CLANG_WARN_INFINITE_RECURSION = YES;
				CLANG_WARN_INT_CONVERSION = YES;
				CLANG_WARN_NON_LITERAL_NULL_CONVERSION = YES;
				CLANG_WARN_OBJC_IMPLICIT_RETAIN_SELF = YES;
				CLANG_WARN_OBJC_LITERAL_CONVERSION = YES;
				CLANG_WARN_OBJC_ROOT_CLASS = YES_ERROR;
				CLANG_WARN_QUOTED_INCLUDE_IN_FRAMEWORK_HEADER = YES;
				CLANG_WARN_RANGE_LOOP_ANALYSIS = YES;
				CLANG_WARN_STRICT_PROTOTYPES = YES;
				CLANG_WARN_SUSPICIOUS_MOVE = YES;
				CLANG_WARN_UNGUARDED_AVAILABILITY = YES_AGGRESSIVE;
				CLANG_WARN_UNREACHABLE_CODE = YES;
				CLANG_WARN__DUPLICATE_METHOD_MATCH = YES;
				COPY_PHASE_STRIP = NO;
				DEBUG_INFORMATION_FORMAT = dwarf;
				ENABLE_STRICT_OBJC_MSGSEND = YES;
				ENABLE_TESTABILITY = YES;
				ENABLE_USER_SCRIPT_SANDBOXING = YES;
				GCC_C_LANGUAGE_STANDARD = gnu17;
				GCC_DYNAMIC_NO_PIC = NO;
				GCC_NO_COMMON_BLOCKS = YES;
				GCC_OPTIMIZATION_LEVEL = 0;
				GCC_PREPROCESSOR_DEFINITIONS = (
					"DEBUG=1",
					"$(inherited)",
				);
				GCC_WARN_64_TO_32_BIT_CONVERSION = YES;
				GCC_WARN_ABOUT_RETURN_TYPE = YES_ERROR;
				GCC_WARN_UNDECLARED_SELECTOR = YES;
				GCC_WARN_UNINITIALIZED_AUTOS = YES_AGGRESSIVE;
				GCC_WARN_UNUSED_FUNCTION = YES;
				GCC_WARN_UNUSED_VARIABLE = YES;
				LOCALIZATION_PREFERS_STRING_CATALOGS = YES;
				MTL_ENABLE_DEBUG_INFO = INCLUDE_SOURCE;
				MTL_FAST_MATH = YES;
				ONLY_ACTIVE_ARCH = YES;
				SWIFT_ACTIVE_COMPILATION_CONDITIONS = "DEBUG $(inherited)";
				SWIFT_OPTIMIZATION_LEVEL = "-Onone";
			};
			name = Debug;
		};
		635445B22BAB82B7005F0018 /* Release */ = {
			isa = XCBuildConfiguration;
			buildSettings = {
				ALWAYS_SEARCH_USER_PATHS = NO;
				ASSETCATALOG_COMPILER_GENERATE_SWIFT_ASSET_SYMBOL_EXTENSIONS = YES;
				CLANG_ANALYZER_NONNULL = YES;
				CLANG_ANALYZER_NUMBER_OBJECT_CONVERSION = YES_AGGRESSIVE;
				CLANG_CXX_LANGUAGE_STANDARD = "gnu++20";
				CLANG_ENABLE_MODULES = YES;
				CLANG_ENABLE_OBJC_ARC = YES;
				CLANG_ENABLE_OBJC_WEAK = YES;
				CLANG_WARN_BLOCK_CAPTURE_AUTORELEASING = YES;
				CLANG_WARN_BOOL_CONVERSION = YES;
				CLANG_WARN_COMMA = YES;
				CLANG_WARN_CONSTANT_CONVERSION = YES;
				CLANG_WARN_DEPRECATED_OBJC_IMPLEMENTATIONS = YES;
				CLANG_WARN_DIRECT_OBJC_ISA_USAGE = YES_ERROR;
				CLANG_WARN_DOCUMENTATION_COMMENTS = YES;
				CLANG_WARN_EMPTY_BODY = YES;
				CLANG_WARN_ENUM_CONVERSION = YES;
				CLANG_WARN_INFINITE_RECURSION = YES;
				CLANG_WARN_INT_CONVERSION = YES;
				CLANG_WARN_NON_LITERAL_NULL_CONVERSION = YES;
				CLANG_WARN_OBJC_IMPLICIT_RETAIN_SELF = YES;
				CLANG_WARN_OBJC_LITERAL_CONVERSION = YES;
				CLANG_WARN_OBJC_ROOT_CLASS = YES_ERROR;
				CLANG_WARN_QUOTED_INCLUDE_IN_FRAMEWORK_HEADER = YES;
				CLANG_WARN_RANGE_LOOP_ANALYSIS = YES;
				CLANG_WARN_STRICT_PROTOTYPES = YES;
				CLANG_WARN_SUSPICIOUS_MOVE = YES;
				CLANG_WARN_UNGUARDED_AVAILABILITY = YES_AGGRESSIVE;
				CLANG_WARN_UNREACHABLE_CODE = YES;
				CLANG_WARN__DUPLICATE_METHOD_MATCH = YES;
				COPY_PHASE_STRIP = NO;
				DEBUG_INFORMATION_FORMAT = "dwarf-with-dsym";
				ENABLE_NS_ASSERTIONS = NO;
				ENABLE_STRICT_OBJC_MSGSEND = YES;
				ENABLE_USER_SCRIPT_SANDBOXING = YES;
				GCC_C_LANGUAGE_STANDARD = gnu17;
				GCC_NO_COMMON_BLOCKS = YES;
				GCC_WARN_64_TO_32_BIT_CONVERSION = YES;
				GCC_WARN_ABOUT_RETURN_TYPE = YES_ERROR;
				GCC_WARN_UNDECLARED_SELECTOR = YES;
				GCC_WARN_UNINITIALIZED_AUTOS = YES_AGGRESSIVE;
				GCC_WARN_UNUSED_FUNCTION = YES;
				GCC_WARN_UNUSED_VARIABLE = YES;
				LOCALIZATION_PREFERS_STRING_CATALOGS = YES;
				MTL_ENABLE_DEBUG_INFO = NO;
				MTL_FAST_MATH = YES;
				SWIFT_COMPILATION_MODE = wholemodule;
			};
			name = Release;
		};
		635445B42BAB82B7005F0018 /* Debug */ = {
			isa = XCBuildConfiguration;
			buildSettings = {
				ASSETCATALOG_COMPILER_APPICON_NAME = AppIcon;
				ASSETCATALOG_COMPILER_GLOBAL_ACCENT_COLOR_NAME = AccentColor;
				CODE_SIGN_ENTITLEMENTS = testAudio/testAudio.entitlements;
				CODE_SIGN_STYLE = Automatic;
				CURRENT_PROJECT_VERSION = 1;
				DEVELOPMENT_ASSET_PATHS = "\"testAudio/Preview Content\"";
				DEVELOPMENT_TEAM = 88J8J7P9S6;
				ENABLE_PREVIEWS = YES;
				GENERATE_INFOPLIST_FILE = YES;
				INFOPLIST_KEY_NSMicrophoneUsageDescription = "";
				"INFOPLIST_KEY_UIApplicationSceneManifest_Generation[sdk=iphoneos*]" = YES;
				"INFOPLIST_KEY_UIApplicationSceneManifest_Generation[sdk=iphonesimulator*]" = YES;
				"INFOPLIST_KEY_UIApplicationSupportsIndirectInputEvents[sdk=iphoneos*]" = YES;
				"INFOPLIST_KEY_UIApplicationSupportsIndirectInputEvents[sdk=iphonesimulator*]" = YES;
				"INFOPLIST_KEY_UILaunchScreen_Generation[sdk=iphoneos*]" = YES;
				"INFOPLIST_KEY_UILaunchScreen_Generation[sdk=iphonesimulator*]" = YES;
				"INFOPLIST_KEY_UIStatusBarStyle[sdk=iphoneos*]" = UIStatusBarStyleDefault;
				"INFOPLIST_KEY_UIStatusBarStyle[sdk=iphonesimulator*]" = UIStatusBarStyleDefault;
				INFOPLIST_KEY_UISupportedInterfaceOrientations_iPad = "UIInterfaceOrientationPortrait UIInterfaceOrientationPortraitUpsideDown UIInterfaceOrientationLandscapeLeft UIInterfaceOrientationLandscapeRight";
				INFOPLIST_KEY_UISupportedInterfaceOrientations_iPhone = "UIInterfaceOrientationPortrait UIInterfaceOrientationLandscapeLeft UIInterfaceOrientationLandscapeRight";
				IPHONEOS_DEPLOYMENT_TARGET = 16.0;
				LD_RUNPATH_SEARCH_PATHS = "@executable_path/Frameworks";
				"LD_RUNPATH_SEARCH_PATHS[sdk=macosx*]" = "@executable_path/../Frameworks";
				MACOSX_DEPLOYMENT_TARGET = 14.0;
				MARKETING_VERSION = 1.0;
				PRODUCT_BUNDLE_IDENTIFIER = irinapechik.testAudio;
				PRODUCT_NAME = "$(TARGET_NAME)";
				SDKROOT = auto;
				SUPPORTED_PLATFORMS = "iphoneos iphonesimulator macosx";
				SWIFT_EMIT_LOC_STRINGS = YES;
				SWIFT_VERSION = 5.0;
				TARGETED_DEVICE_FAMILY = "1,2";
			};
			name = Debug;
		};
		635445B52BAB82B7005F0018 /* Release */ = {
			isa = XCBuildConfiguration;
			buildSettings = {
				ASSETCATALOG_COMPILER_APPICON_NAME = AppIcon;
				ASSETCATALOG_COMPILER_GLOBAL_ACCENT_COLOR_NAME = AccentColor;
				CODE_SIGN_ENTITLEMENTS = testAudio/testAudio.entitlements;
				CODE_SIGN_STYLE = Automatic;
				CURRENT_PROJECT_VERSION = 1;
				DEVELOPMENT_ASSET_PATHS = "\"testAudio/Preview Content\"";
				DEVELOPMENT_TEAM = 88J8J7P9S6;
				ENABLE_PREVIEWS = YES;
				GENERATE_INFOPLIST_FILE = YES;
				INFOPLIST_KEY_NSMicrophoneUsageDescription = "";
				"INFOPLIST_KEY_UIApplicationSceneManifest_Generation[sdk=iphoneos*]" = YES;
				"INFOPLIST_KEY_UIApplicationSceneManifest_Generation[sdk=iphonesimulator*]" = YES;
				"INFOPLIST_KEY_UIApplicationSupportsIndirectInputEvents[sdk=iphoneos*]" = YES;
				"INFOPLIST_KEY_UIApplicationSupportsIndirectInputEvents[sdk=iphonesimulator*]" = YES;
				"INFOPLIST_KEY_UILaunchScreen_Generation[sdk=iphoneos*]" = YES;
				"INFOPLIST_KEY_UILaunchScreen_Generation[sdk=iphonesimulator*]" = YES;
				"INFOPLIST_KEY_UIStatusBarStyle[sdk=iphoneos*]" = UIStatusBarStyleDefault;
				"INFOPLIST_KEY_UIStatusBarStyle[sdk=iphonesimulator*]" = UIStatusBarStyleDefault;
				INFOPLIST_KEY_UISupportedInterfaceOrientations_iPad = "UIInterfaceOrientationPortrait UIInterfaceOrientationPortraitUpsideDown UIInterfaceOrientationLandscapeLeft UIInterfaceOrientationLandscapeRight";
				INFOPLIST_KEY_UISupportedInterfaceOrientations_iPhone = "UIInterfaceOrientationPortrait UIInterfaceOrientationLandscapeLeft UIInterfaceOrientationLandscapeRight";
				IPHONEOS_DEPLOYMENT_TARGET = 16.0;
				LD_RUNPATH_SEARCH_PATHS = "@executable_path/Frameworks";
				"LD_RUNPATH_SEARCH_PATHS[sdk=macosx*]" = "@executable_path/../Frameworks";
				MACOSX_DEPLOYMENT_TARGET = 14.0;
				MARKETING_VERSION = 1.0;
				PRODUCT_BUNDLE_IDENTIFIER = irinapechik.testAudio;
				PRODUCT_NAME = "$(TARGET_NAME)";
				SDKROOT = auto;
				SUPPORTED_PLATFORMS = "iphoneos iphonesimulator macosx";
				SWIFT_EMIT_LOC_STRINGS = YES;
				SWIFT_VERSION = 5.0;
				TARGETED_DEVICE_FAMILY = "1,2";
			};
			name = Release;
		};
		635445B72BAB82B7005F0018 /* Debug */ = {
			isa = XCBuildConfiguration;
			buildSettings = {
				ALWAYS_EMBED_SWIFT_STANDARD_LIBRARIES = YES;
				BUNDLE_LOADER = "$(TEST_HOST)";
				CODE_SIGN_STYLE = Automatic;
				CURRENT_PROJECT_VERSION = 1;
				GENERATE_INFOPLIST_FILE = YES;
				IPHONEOS_DEPLOYMENT_TARGET = 17.0;
				MACOSX_DEPLOYMENT_TARGET = 14.0;
				MARKETING_VERSION = 1.0;
				PRODUCT_BUNDLE_IDENTIFIER = irinapechik.testAudioTests;
				PRODUCT_NAME = "$(TARGET_NAME)";
				SDKROOT = auto;
				SUPPORTED_PLATFORMS = "iphoneos iphonesimulator macosx";
				SWIFT_EMIT_LOC_STRINGS = NO;
				SWIFT_VERSION = 5.0;
				TARGETED_DEVICE_FAMILY = "1,2";
				TEST_HOST = "$(BUILT_PRODUCTS_DIR)/testAudio.app/$(BUNDLE_EXECUTABLE_FOLDER_PATH)/testAudio";
			};
			name = Debug;
		};
		635445B82BAB82B7005F0018 /* Release */ = {
			isa = XCBuildConfiguration;
			buildSettings = {
				ALWAYS_EMBED_SWIFT_STANDARD_LIBRARIES = YES;
				BUNDLE_LOADER = "$(TEST_HOST)";
				CODE_SIGN_STYLE = Automatic;
				CURRENT_PROJECT_VERSION = 1;
				GENERATE_INFOPLIST_FILE = YES;
				IPHONEOS_DEPLOYMENT_TARGET = 17.0;
				MACOSX_DEPLOYMENT_TARGET = 14.0;
				MARKETING_VERSION = 1.0;
				PRODUCT_BUNDLE_IDENTIFIER = irinapechik.testAudioTests;
				PRODUCT_NAME = "$(TARGET_NAME)";
				SDKROOT = auto;
				SUPPORTED_PLATFORMS = "iphoneos iphonesimulator macosx";
				SWIFT_EMIT_LOC_STRINGS = NO;
				SWIFT_VERSION = 5.0;
				TARGETED_DEVICE_FAMILY = "1,2";
				TEST_HOST = "$(BUILT_PRODUCTS_DIR)/testAudio.app/$(BUNDLE_EXECUTABLE_FOLDER_PATH)/testAudio";
			};
			name = Release;
		};
		635445BA2BAB82B7005F0018 /* Debug */ = {
			isa = XCBuildConfiguration;
			buildSettings = {
				ALWAYS_EMBED_SWIFT_STANDARD_LIBRARIES = YES;
				CODE_SIGN_STYLE = Automatic;
				CURRENT_PROJECT_VERSION = 1;
				GENERATE_INFOPLIST_FILE = YES;
				IPHONEOS_DEPLOYMENT_TARGET = 17.0;
				MACOSX_DEPLOYMENT_TARGET = 14.0;
				MARKETING_VERSION = 1.0;
				PRODUCT_BUNDLE_IDENTIFIER = irinapechik.testAudioUITests;
				PRODUCT_NAME = "$(TARGET_NAME)";
				SDKROOT = auto;
				SUPPORTED_PLATFORMS = "iphoneos iphonesimulator macosx";
				SWIFT_EMIT_LOC_STRINGS = NO;
				SWIFT_VERSION = 5.0;
				TARGETED_DEVICE_FAMILY = "1,2";
				TEST_TARGET_NAME = testAudio;
			};
			name = Debug;
		};
		635445BB2BAB82B7005F0018 /* Release */ = {
			isa = XCBuildConfiguration;
			buildSettings = {
				ALWAYS_EMBED_SWIFT_STANDARD_LIBRARIES = YES;
				CODE_SIGN_STYLE = Automatic;
				CURRENT_PROJECT_VERSION = 1;
				GENERATE_INFOPLIST_FILE = YES;
				IPHONEOS_DEPLOYMENT_TARGET = 17.0;
				MACOSX_DEPLOYMENT_TARGET = 14.0;
				MARKETING_VERSION = 1.0;
				PRODUCT_BUNDLE_IDENTIFIER = irinapechik.testAudioUITests;
				PRODUCT_NAME = "$(TARGET_NAME)";
				SDKROOT = auto;
				SUPPORTED_PLATFORMS = "iphoneos iphonesimulator macosx";
				SWIFT_EMIT_LOC_STRINGS = NO;
				SWIFT_VERSION = 5.0;
				TARGETED_DEVICE_FAMILY = "1,2";
				TEST_TARGET_NAME = testAudio;
			};
			name = Release;
		};
/* End XCBuildConfiguration section */

/* Begin XCConfigurationList section */
		635445892BAB82B4005F0018 /* Build configuration list for PBXProject "testAudio" */ = {
			isa = XCConfigurationList;
			buildConfigurations = (
				635445B12BAB82B7005F0018 /* Debug */,
				635445B22BAB82B7005F0018 /* Release */,
			);
			defaultConfigurationIsVisible = 0;
			defaultConfigurationName = Release;
		};
		635445B32BAB82B7005F0018 /* Build configuration list for PBXNativeTarget "testAudio" */ = {
			isa = XCConfigurationList;
			buildConfigurations = (
				635445B42BAB82B7005F0018 /* Debug */,
				635445B52BAB82B7005F0018 /* Release */,
			);
			defaultConfigurationIsVisible = 0;
			defaultConfigurationName = Release;
		};
		635445B62BAB82B7005F0018 /* Build configuration list for PBXNativeTarget "testAudioTests" */ = {
			isa = XCConfigurationList;
			buildConfigurations = (
				635445B72BAB82B7005F0018 /* Debug */,
				635445B82BAB82B7005F0018 /* Release */,
			);
			defaultConfigurationIsVisible = 0;
			defaultConfigurationName = Release;
		};
		635445B92BAB82B7005F0018 /* Build configuration list for PBXNativeTarget "testAudioUITests" */ = {
			isa = XCConfigurationList;
			buildConfigurations = (
				635445BA2BAB82B7005F0018 /* Debug */,
				635445BB2BAB82B7005F0018 /* Release */,
			);
			defaultConfigurationIsVisible = 0;
			defaultConfigurationName = Release;
		};
/* End XCConfigurationList section */
	};
	rootObject = 635445862BAB82B4005F0018 /* Project object */;
}
